
Microsoft Visual Studio Solution File, Format Version 12.00
# Visual Studio Version 17
VisualStudioVersion = 17.11.35431.28
MinimumVisualStudioVersion = 10.0.40219.1
Project("{FAE04EC0-301F-11D3-BF4B-00C04F79EFBC}") = "Fleetoria", "Fleetoria\Fleetoria.csproj", "{51DAF54D-3DCE-4558-BAF5-BD909CDBD65D}"
EndProject
Global
	GlobalSection(SolutionConfigurationPlatforms) = preSolution
		Debug|Any CPU = Debug|Any CPU
		Release|Any CPU = Release|Any CPU
	EndGlobalSection
	GlobalSection(ProjectConfigurationPlatforms) = postSolution
		{51DAF54D-3DCE-4558-BAF5-BD909CDBD65D}.Debug|Any CPU.ActiveCfg = Debug|Any CPU
		{51DAF54D-3DCE-4558-BAF5-BD909CDBD65D}.Debug|Any CPU.Build.0 = Debug|Any CPU
		{51DAF54D-3DCE-4558-BAF5-BD909CDBD65D}.Release|Any CPU.ActiveCfg = Release|Any CPU
		{51DAF54D-3DCE-4558-BAF5-BD909CDBD65D}.Release|Any CPU.Build.0 = Release|Any CPU
	EndGlobalSection
	GlobalSection(SolutionProperties) = preSolution
		HideSolutionNode = FALSE
	EndGlobalSection
	GlobalSection(ExtensibilityGlobals) = postSolution
		SolutionGuid = {6FFB8579-46B4-45B5-B381-C57B966D141E}
	EndGlobalSection
EndGlobal
